
Microsoft Visual Studio Solution File, Format Version 12.00
# Visual Studio Version 17
VisualStudioVersion = 17.1.32319.34
MinimumVisualStudioVersion = 10.0.40219.1
Project("{FAE04EC0-301F-11D3-BF4B-00C04F79EFBC}") = "LiteralMapLink", "LiteralMapLink.csproj", "{4E7DBCFF-ECDF-423D-B888-7A23F6C8FCB4}"
EndProject
Global
	GlobalSection(SolutionConfigurationPlatforms) = preSolution
		Debug|Any CPU = Debug|Any CPU
		Release|Any CPU = Release|Any CPU
	EndGlobalSection
	GlobalSection(ProjectConfigurationPlatforms) = postSolution
		{4E7DBCFF-ECDF-423D-B888-7A23F6C8FCB4}.Debug|Any CPU.ActiveCfg = Debug|Any CPU
		{4E7DBCFF-ECDF-423D-B888-7A23F6C8FCB4}.Debug|Any CPU.Build.0 = Debug|Any CPU
		{4E7DBCFF-ECDF-423D-B888-7A23F6C8FCB4}.Release|Any CPU.ActiveCfg = Release|Any CPU
		{4E7DBCFF-ECDF-423D-B888-7A23F6C8FCB4}.Release|Any CPU.Build.0 = Release|Any CPU
	EndGlobalSection
	GlobalSection(SolutionProperties) = preSolution
		HideSolutionNode = FALSE
	EndGlobalSection
	GlobalSection(ExtensibilityGlobals) = postSolution
		SolutionGuid = {E86A89D9-EDA2-4F9E-90F6-B856D2E70104}
	EndGlobalSection
EndGlobal
